
Microsoft Visual Studio Solution File, Format Version 12.00
# Visual Studio 15
Project("{FAE04EC0-301F-11D3-BF4B-00C04F79EFBC}") = "CodeLifter.Logging", "CodeLifter.Logging\CodeLifter.Logging.csproj", "{6225FAD8-A77D-4897-A5C3-5E537330F44A}"
EndProject
Project("{FAE04EC0-301F-11D3-BF4B-00C04F79EFBC}") = "CodeLifter.Logging.Demo", "CodeLifter.Logging.Demo\CodeLifter.Logging.Demo.csproj", "{F9F1B645-53EE-4A84-864C-55E838431F7E}"
EndProject
Project("{2150E333-8FDC-42A3-9474-1A3956D46DE8}") = "Solution Items", "Solution Items", "{B7E2CE02-C7CB-463A-9DDB-F8C2BC730F99}"
	ProjectSection(SolutionItems) = preProject
		LICENSE = LICENSE
		readme.md = readme.md
		.gitignore = .gitignore
	EndProjectSection
EndProject
Project("{FAE04EC0-301F-11D3-BF4B-00C04F79EFBC}") = "CodeLifter.Logging.Test", "CodeLifter.Logging.Test\CodeLifter.Logging.Test.csproj", "{6B8BCB32-7700-4961-AAED-D7F956433B47}"
EndProject
Global
	GlobalSection(SolutionConfigurationPlatforms) = preSolution
		Debug|Any CPU = Debug|Any CPU
		Release|Any CPU = Release|Any CPU
	EndGlobalSection
	GlobalSection(ProjectConfigurationPlatforms) = postSolution
		{6225FAD8-A77D-4897-A5C3-5E537330F44A}.Debug|Any CPU.ActiveCfg = Debug|Any CPU
		{6225FAD8-A77D-4897-A5C3-5E537330F44A}.Debug|Any CPU.Build.0 = Debug|Any CPU
		{6225FAD8-A77D-4897-A5C3-5E537330F44A}.Release|Any CPU.ActiveCfg = Release|Any CPU
		{6225FAD8-A77D-4897-A5C3-5E537330F44A}.Release|Any CPU.Build.0 = Release|Any CPU
		{F9F1B645-53EE-4A84-864C-55E838431F7E}.Debug|Any CPU.ActiveCfg = Debug|Any CPU
		{F9F1B645-53EE-4A84-864C-55E838431F7E}.Debug|Any CPU.Build.0 = Debug|Any CPU
		{F9F1B645-53EE-4A84-864C-55E838431F7E}.Release|Any CPU.ActiveCfg = Release|Any CPU
		{F9F1B645-53EE-4A84-864C-55E838431F7E}.Release|Any CPU.Build.0 = Release|Any CPU
		{6B8BCB32-7700-4961-AAED-D7F956433B47}.Debug|Any CPU.ActiveCfg = Debug|Any CPU
		{6B8BCB32-7700-4961-AAED-D7F956433B47}.Debug|Any CPU.Build.0 = Debug|Any CPU
		{6B8BCB32-7700-4961-AAED-D7F956433B47}.Release|Any CPU.ActiveCfg = Release|Any CPU
		{6B8BCB32-7700-4961-AAED-D7F956433B47}.Release|Any CPU.Build.0 = Release|Any CPU
	EndGlobalSection
EndGlobal
